
Microsoft Visual Studio Solution File, Format Version 12.00
# Visual Studio Version 17
VisualStudioVersion = 17.4.33213.308
MinimumVisualStudioVersion = 10.0.40219.1
Project("{FAE04EC0-301F-11D3-BF4B-00C04F79EFBC}") = "TestWebProject", "TestWebProject.csproj", "{AA432D5C-0059-4122-825F-CFDC27AF0B79}"
EndProject
Global
	GlobalSection(SolutionConfigurationPlatforms) = preSolution
		Debug|Any CPU = Debug|Any CPU
		Release|Any CPU = Release|Any CPU
	EndGlobalSection
	GlobalSection(ProjectConfigurationPlatforms) = postSolution
		{AA432D5C-0059-4122-825F-CFDC27AF0B79}.Debug|Any CPU.ActiveCfg = Debug|Any CPU
		{AA432D5C-0059-4122-825F-CFDC27AF0B79}.Debug|Any CPU.Build.0 = Debug|Any CPU
		{AA432D5C-0059-4122-825F-CFDC27AF0B79}.Release|Any CPU.ActiveCfg = Release|Any CPU
		{AA432D5C-0059-4122-825F-CFDC27AF0B79}.Release|Any CPU.Build.0 = Release|Any CPU
	EndGlobalSection
	GlobalSection(SolutionProperties) = preSolution
		HideSolutionNode = FALSE
	EndGlobalSection
	GlobalSection(ExtensibilityGlobals) = postSolution
		SolutionGuid = {D61E3715-9F01-428D-92CC-71F8CDC132A4}
	EndGlobalSection
EndGlobal
